PODS:
  - matrix-wechat (1.0.1):
    - matrix-wechat/matrixARC (= 1.0.1)
    - matrix-wechat/matrixNonARC1 (= 1.0.1)
    - matrix-wechat/matrixNonARC2 (= 1.0.1)
  - matrix-wechat/matrixARC (1.0.1):
    - matrix-wechat/matrixNonARC1
  - matrix-wechat/matrixNonARC1 (1.0.1)
  - matrix-wechat/matrixNonARC2 (1.0.1):
    - matrix-wechat/matrixARC

DEPENDENCIES:
  - matrix-wechat

SPEC REPOS:
  trunk:
    - matrix-wechat

SPEC CHECKSUMS:
  matrix-wechat: db0ef2c0bfe982aa9c2c42aa409c48724bedc507

PODFILE CHECKSUM: 6865240a7e9af224479a699b5b79d4d4f07870b9

COCOAPODS: 1.10.0
